
Microsoft Visual Studio Solution File, Format Version 12.00
# Visual Studio Version 17
VisualStudioVersion = 17.0.31903.59
MinimumVisualStudioVersion = 10.0.40219.1
Project("{FAE04EC0-301F-11D3-BF4B-00C04F79EFBC}") = "RailFactory.AppHost", "RailFactory.AppHost\RailFactory.AppHost.csproj", "{743DF205-692F-4152-A0FD-F2227D7AED36}"
EndProject
Project("{FAE04EC0-301F-11D3-BF4B-00C04F79EFBC}") = "RailFactory.Frontend", "RailFactory.Frontend\RailFactory.Frontend.csproj", "{434A103C-3F07-45B8-A0F6-DA70149FDBF7}"
EndProject
Project("{FAE04EC0-301F-11D3-BF4B-00C04F79EFBC}") = "RailFactory.ServiceDefaults", "RailFactory.ServiceDefaults\RailFactory.ServiceDefaults.csproj", "{9897047F-E513-496A-AC2F-602C477C29EF}"
EndProject
Project("{FAE04EC0-301F-11D3-BF4B-00C04F79EFBC}") = "RailFactory.Gateway", "RailFactory.Gateway\RailFactory.Gateway.csproj", "{B78077C5-5DB1-4E3E-80EA-CE66E7C7E00A}"
EndProject
Project("{FAE04EC0-301F-11D3-BF4B-00C04F79EFBC}") = "RailFactory.Iam.Api", "RailFactory.Iam.Api\RailFactory.Iam.Api.csproj", "{D26CE1E0-BDE5-4431-8DC4-8C12DCDBFB2B}"
EndProject
Project("{FAE04EC0-301F-11D3-BF4B-00C04F79EFBC}") = "RailFactory.Inventory.Api", "RailFactory.Inventory.Api\RailFactory.Inventory.Api.csproj", "{19EBFAD1-9428-4066-A3C0-6ACB8DE0A898}"
EndProject
Project("{FAE04EC0-301F-11D3-BF4B-00C04F79EFBC}") = "RailFactory.Production.Api", "RailFactory.Production.Api\RailFactory.Production.Api.csproj", "{9BA5ED0C-C4DA-44A9-8BCC-E92A3C476026}"
EndProject
Project("{FAE04EC0-301F-11D3-BF4B-00C04F79EFBC}") = "RailFactory.SupplyChain.Api", "RailFactory.SupplyChain.Api\RailFactory.SupplyChain.Api.csproj", "{6CBB11C1-42DB-44A4-B1CA-3D84D9BE1530}"
EndProject
Project("{FAE04EC0-301F-11D3-BF4B-00C04F79EFBC}") = "RailFactory.Tenancy.Api", "RailFactory.Tenancy.Api\RailFactory.Tenancy.Api.csproj", "{DC5EECE7-D4CF-49D2-99C0-3AFC0354FC47}"
EndProject
Project("{FAE04EC0-301F-11D3-BF4B-00C04F79EFBC}") = "RailFactory.SupplyChain.Api.Tests", "RailFactory.SupplyChain.Api.Tests\RailFactory.SupplyChain.Api.Tests.csproj", "{CEF7E343-EA66-4144-A487-D14B1E2DC1DA}"
EndProject
Project("{FAE04EC0-301F-11D3-BF4B-00C04F79EFBC}") = "RailFactory.HumanResources.Api", "RailFactory.HumanResources.Api\RailFactory.HumanResources.Api.csproj", "{ACD2C1D6-A10A-4C21-880C-1890DFB208D8}"
EndProject
Project("{FAE04EC0-301F-11D3-BF4B-00C04F79EFBC}") = "RailFactory.BuildingBlocks", "RailFactory.BuildingBlocks\RailFactory.BuildingBlocks.csproj", "{FF2480C1-79EC-4AD1-922A-4B7BF88D9288}"
EndProject
Project("{FAE04EC0-301F-11D3-BF4B-00C04F79EFBC}") = "RailFactory.Fleet.Api", "RailFactory.Fleet.Api\RailFactory.Fleet.Api.csproj", "{F0E7789C-7F0E-4061-BC10-15548652EA4F}"
EndProject
Project("{FAE04EC0-301F-11D3-BF4B-00C04F79EFBC}") = "RailFactory.Logistics.Api", "RailFactory.Logistics.Api\RailFactory.Logistics.Api.csproj", "{77277A5B-6705-4E6A-8297-283DD41E967B}"
EndProject
Project("{FAE04EC0-301F-11D3-BF4B-00C04F79EFBC}") = "RailFactory.Tenancy.Api.Tests", "RailFactory.Tenancy.Api.Tests\RailFactory.Tenancy.Api.Tests.csproj", "{D07F160C-2D95-4408-B86F-2FC440D9368C}"
EndProject
Project("{FAE04EC0-301F-11D3-BF4B-00C04F79EFBC}") = "RailFactory.Production.Api.Tests", "RailFactory.Production.Api.Tests\RailFactory.Production.Api.Tests.csproj", "{7449C65F-2E49-4D5E-8C35-DA3696037A8B}"
EndProject
Global
	GlobalSection(SolutionConfigurationPlatforms) = preSolution
		Debug|Any CPU = Debug|Any CPU
		Debug|x64 = Debug|x64
		Debug|x86 = Debug|x86
		Release|Any CPU = Release|Any CPU
		Release|x64 = Release|x64
		Release|x86 = Release|x86
	EndGlobalSection
	GlobalSection(ProjectConfigurationPlatforms) = postSolution
		{743DF205-692F-4152-A0FD-F2227D7AED36}.Debug|Any CPU.ActiveCfg = Debug|Any CPU
		{743DF205-692F-4152-A0FD-F2227D7AED36}.Debug|x64.ActiveCfg = Debug|Any CPU
		{743DF205-692F-4152-A0FD-F2227D7AED36}.Debug|x86.ActiveCfg = Debug|Any CPU
		{743DF205-692F-4152-A0FD-F2227D7AED36}.Release|Any CPU.ActiveCfg = Release|Any CPU
		{743DF205-692F-4152-A0FD-F2227D7AED36}.Release|x64.ActiveCfg = Release|Any CPU
		{743DF205-692F-4152-A0FD-F2227D7AED36}.Release|x86.ActiveCfg = Release|Any CPU
		{434A103C-3F07-45B8-A0F6-DA70149FDBF7}.Debug|Any CPU.ActiveCfg = Debug|Any CPU
		{434A103C-3F07-45B8-A0F6-DA70149FDBF7}.Debug|Any CPU.Build.0 = Debug|Any CPU
		{434A103C-3F07-45B8-A0F6-DA70149FDBF7}.Debug|x64.ActiveCfg = Debug|Any CPU
		{434A103C-3F07-45B8-A0F6-DA70149FDBF7}.Debug|x64.Build.0 = Debug|Any CPU
		{434A103C-3F07-45B8-A0F6-DA70149FDBF7}.Debug|x86.ActiveCfg = Debug|Any CPU
		{434A103C-3F07-45B8-A0F6-DA70149FDBF7}.Debug|x86.Build.0 = Debug|Any CPU
		{434A103C-3F07-45B8-A0F6-DA70149FDBF7}.Release|Any CPU.ActiveCfg = Release|Any CPU
		{434A103C-3F07-45B8-A0F6-DA70149FDBF7}.Release|Any CPU.Build.0 = Release|Any CPU
		{434A103C-3F07-45B8-A0F6-DA70149FDBF7}.Release|x64.ActiveCfg = Release|Any CPU
		{434A103C-3F07-45B8-A0F6-DA70149FDBF7}.Release|x64.Build.0 = Release|Any CPU
		{434A103C-3F07-45B8-A0F6-DA70149FDBF7}.Release|x86.ActiveCfg = Release|Any CPU
		{434A103C-3F07-45B8-A0F6-DA70149FDBF7}.Release|x86.Build.0 = Release|Any CPU
		{9897047F-E513-496A-AC2F-602C477C29EF}.Debug|Any CPU.ActiveCfg = Debug|Any CPU
		{9897047F-E513-496A-AC2F-602C477C29EF}.Debug|Any CPU.Build.0 = Debug|Any CPU
		{9897047F-E513-496A-AC2F-602C477C29EF}.Debug|x64.ActiveCfg = Debug|Any CPU
		{9897047F-E513-496A-AC2F-602C477C29EF}.Debug|x64.Build.0 = Debug|Any CPU
		{9897047F-E513-496A-AC2F-602C477C29EF}.Debug|x86.ActiveCfg = Debug|Any CPU
		{9897047F-E513-496A-AC2F-602C477C29EF}.Debug|x86.Build.0 = Debug|Any CPU
		{9897047F-E513-496A-AC2F-602C477C29EF}.Release|Any CPU.ActiveCfg = Release|Any CPU
		{9897047F-E513-496A-AC2F-602C477C29EF}.Release|Any CPU.Build.0 = Release|Any CPU
		{9897047F-E513-496A-AC2F-602C477C29EF}.Release|x64.ActiveCfg = Release|Any CPU
		{9897047F-E513-496A-AC2F-602C477C29EF}.Release|x64.Build.0 = Release|Any CPU
		{9897047F-E513-496A-AC2F-602C477C29EF}.Release|x86.ActiveCfg = Release|Any CPU
		{9897047F-E513-496A-AC2F-602C477C29EF}.Release|x86.Build.0 = Release|Any CPU
		{B78077C5-5DB1-4E3E-80EA-CE66E7C7E00A}.Debug|Any CPU.ActiveCfg = Debug|Any CPU
		{B78077C5-5DB1-4E3E-80EA-CE66E7C7E00A}.Debug|Any CPU.Build.0 = Debug|Any CPU
		{B78077C5-5DB1-4E3E-80EA-CE66E7C7E00A}.Debug|x64.ActiveCfg = Debug|Any CPU
		{B78077C5-5DB1-4E3E-80EA-CE66E7C7E00A}.Debug|x64.Build.0 = Debug|Any CPU
		{B78077C5-5DB1-4E3E-80EA-CE66E7C7E00A}.Debug|x86.ActiveCfg = Debug|Any CPU
		{B78077C5-5DB1-4E3E-80EA-CE66E7C7E00A}.Debug|x86.Build.0 = Debug|Any CPU
		{B78077C5-5DB1-4E3E-80EA-CE66E7C7E00A}.Release|Any CPU.ActiveCfg = Release|Any CPU
		{B78077C5-5DB1-4E3E-80EA-CE66E7C7E00A}.Release|Any CPU.Build.0 = Release|Any CPU
		{B78077C5-5DB1-4E3E-80EA-CE66E7C7E00A}.Release|x64.ActiveCfg = Release|Any CPU
		{B78077C5-5DB1-4E3E-80EA-CE66E7C7E00A}.Release|x64.Build.0 = Release|Any CPU
		{B78077C5-5DB1-4E3E-80EA-CE66E7C7E00A}.Release|x86.ActiveCfg = Release|Any CPU
		{B78077C5-5DB1-4E3E-80EA-CE66E7C7E00A}.Release|x86.Build.0 = Release|Any CPU
		{D26CE1E0-BDE5-4431-8DC4-8C12DCDBFB2B}.Debug|Any CPU.ActiveCfg = Debug|Any CPU
		{D26CE1E0-BDE5-4431-8DC4-8C12DCDBFB2B}.Debug|Any CPU.Build.0 = Debug|Any CPU
		{D26CE1E0-BDE5-4431-8DC4-8C12DCDBFB2B}.Debug|x64.ActiveCfg = Debug|Any CPU
		{D26CE1E0-BDE5-4431-8DC4-8C12DCDBFB2B}.Debug|x64.Build.0 = Debug|Any CPU
		{D26CE1E0-BDE5-4431-8DC4-8C12DCDBFB2B}.Debug|x86.ActiveCfg = Debug|Any CPU
		{D26CE1E0-BDE5-4431-8DC4-8C12DCDBFB2B}.Debug|x86.Build.0 = Debug|Any CPU
		{D26CE1E0-BDE5-4431-8DC4-8C12DCDBFB2B}.Release|Any CPU.ActiveCfg = Release|Any CPU
		{D26CE1E0-BDE5-4431-8DC4-8C12DCDBFB2B}.Release|Any CPU.Build.0 = Release|Any CPU
		{D26CE1E0-BDE5-4431-8DC4-8C12DCDBFB2B}.Release|x64.ActiveCfg = Release|Any CPU
		{D26CE1E0-BDE5-4431-8DC4-8C12DCDBFB2B}.Release|x64.Build.0 = Release|Any CPU
		{D26CE1E0-BDE5-4431-8DC4-8C12DCDBFB2B}.Release|x86.ActiveCfg = Release|Any CPU
		{D26CE1E0-BDE5-4431-8DC4-8C12DCDBFB2B}.Release|x86.Build.0 = Release|Any CPU
		{19EBFAD1-9428-4066-A3C0-6ACB8DE0A898}.Debug|Any CPU.ActiveCfg = Debug|Any CPU
		{19EBFAD1-9428-4066-A3C0-6ACB8DE0A898}.Debug|Any CPU.Build.0 = Debug|Any CPU
		{19EBFAD1-9428-4066-A3C0-6ACB8DE0A898}.Debug|x64.ActiveCfg = Debug|Any CPU
		{19EBFAD1-9428-4066-A3C0-6ACB8DE0A898}.Debug|x64.Build.0 = Debug|Any CPU
		{19EBFAD1-9428-4066-A3C0-6ACB8DE0A898}.Debug|x86.ActiveCfg = Debug|Any CPU
		{19EBFAD1-9428-4066-A3C0-6ACB8DE0A898}.Debug|x86.Build.0 = Debug|Any CPU
		{19EBFAD1-9428-4066-A3C0-6ACB8DE0A898}.Release|Any CPU.ActiveCfg = Release|Any CPU
		{19EBFAD1-9428-4066-A3C0-6ACB8DE0A898}.Release|Any CPU.Build.0 = Release|Any CPU
		{19EBFAD1-9428-4066-A3C0-6ACB8DE0A898}.Release|x64.ActiveCfg = Release|Any CPU
		{19EBFAD1-9428-4066-A3C0-6ACB8DE0A898}.Release|x64.Build.0 = Release|Any CPU
		{19EBFAD1-9428-4066-A3C0-6ACB8DE0A898}.Release|x86.ActiveCfg = Release|Any CPU
		{19EBFAD1-9428-4066-A3C0-6ACB8DE0A898}.Release|x86.Build.0 = Release|Any CPU
		{9BA5ED0C-C4DA-44A9-8BCC-E92A3C476026}.Debug|Any CPU.ActiveCfg = Debug|Any CPU
		{9BA5ED0C-C4DA-44A9-8BCC-E92A3C476026}.Debug|Any CPU.Build.0 = Debug|Any CPU
		{9BA5ED0C-C4DA-44A9-8BCC-E92A3C476026}.Debug|x64.ActiveCfg = Debug|Any CPU
		{9BA5ED0C-C4DA-44A9-8BCC-E92A3C476026}.Debug|x64.Build.0 = Debug|Any CPU
		{9BA5ED0C-C4DA-44A9-8BCC-E92A3C476026}.Debug|x86.ActiveCfg = Debug|Any CPU
		{9BA5ED0C-C4DA-44A9-8BCC-E92A3C476026}.Debug|x86.Build.0 = Debug|Any CPU
		{9BA5ED0C-C4DA-44A9-8BCC-E92A3C476026}.Release|Any CPU.ActiveCfg = Release|Any CPU
		{9BA5ED0C-C4DA-44A9-8BCC-E92A3C476026}.Release|Any CPU.Build.0 = Release|Any CPU
		{9BA5ED0C-C4DA-44A9-8BCC-E92A3C476026}.Release|x64.ActiveCfg = Release|Any CPU
		{9BA5ED0C-C4DA-44A9-8BCC-E92A3C476026}.Release|x64.Build.0 = Release|Any CPU
		{9BA5ED0C-C4DA-44A9-8BCC-E92A3C476026}.Release|x86.ActiveCfg = Release|Any CPU
		{9BA5ED0C-C4DA-44A9-8BCC-E92A3C476026}.Release|x86.Build.0 = Release|Any CPU
		{6CBB11C1-42DB-44A4-B1CA-3D84D9BE1530}.Debug|Any CPU.ActiveCfg = Debug|Any CPU
		{6CBB11C1-42DB-44A4-B1CA-3D84D9BE1530}.Debug|Any CPU.Build.0 = Debug|Any CPU
		{6CBB11C1-42DB-44A4-B1CA-3D84D9BE1530}.Debug|x64.ActiveCfg = Debug|Any CPU
		{6CBB11C1-42DB-44A4-B1CA-3D84D9BE1530}.Debug|x64.Build.0 = Debug|Any CPU
		{6CBB11C1-42DB-44A4-B1CA-3D84D9BE1530}.Debug|x86.ActiveCfg = Debug|Any CPU
		{6CBB11C1-42DB-44A4-B1CA-3D84D9BE1530}.Debug|x86.Build.0 = Debug|Any CPU
		{6CBB11C1-42DB-44A4-B1CA-3D84D9BE1530}.Release|Any CPU.ActiveCfg = Release|Any CPU
		{6CBB11C1-42DB-44A4-B1CA-3D84D9BE1530}.Release|Any CPU.Build.0 = Release|Any CPU
		{6CBB11C1-42DB-44A4-B1CA-3D84D9BE1530}.Release|x64.ActiveCfg = Release|Any CPU
		{6CBB11C1-42DB-44A4-B1CA-3D84D9BE1530}.Release|x64.Build.0 = Release|Any CPU
		{6CBB11C1-42DB-44A4-B1CA-3D84D9BE1530}.Release|x86.ActiveCfg = Release|Any CPU
		{6CBB11C1-42DB-44A4-B1CA-3D84D9BE1530}.Release|x86.Build.0 = Release|Any CPU
		{DC5EECE7-D4CF-49D2-99C0-3AFC0354FC47}.Debug|Any CPU.ActiveCfg = Debug|Any CPU
		{DC5EECE7-D4CF-49D2-99C0-3AFC0354FC47}.Debug|Any CPU.Build.0 = Debug|Any CPU
		{DC5EECE7-D4CF-49D2-99C0-3AFC0354FC47}.Debug|x64.ActiveCfg = Debug|Any CPU
		{DC5EECE7-D4CF-49D2-99C0-3AFC0354FC47}.Debug|x64.Build.0 = Debug|Any CPU
		{DC5EECE7-D4CF-49D2-99C0-3AFC0354FC47}.Debug|x86.ActiveCfg = Debug|Any CPU
		{DC5EECE7-D4CF-49D2-99C0-3AFC0354FC47}.Debug|x86.Build.0 = Debug|Any CPU
		{DC5EECE7-D4CF-49D2-99C0-3AFC0354FC47}.Release|Any CPU.ActiveCfg = Release|Any CPU
		{DC5EECE7-D4CF-49D2-99C0-3AFC0354FC47}.Release|Any CPU.Build.0 = Release|Any CPU
		{DC5EECE7-D4CF-49D2-99C0-3AFC0354FC47}.Release|x64.ActiveCfg = Release|Any CPU
		{DC5EECE7-D4CF-49D2-99C0-3AFC0354FC47}.Release|x64.Build.0 = Release|Any CPU
		{DC5EECE7-D4CF-49D2-99C0-3AFC0354FC47}.Release|x86.ActiveCfg = Release|Any CPU
		{DC5EECE7-D4CF-49D2-99C0-3AFC0354FC47}.Release|x86.Build.0 = Release|Any CPU
		{CEF7E343-EA66-4144-A487-D14B1E2DC1DA}.Debug|Any CPU.ActiveCfg = Debug|Any CPU
		{CEF7E343-EA66-4144-A487-D14B1E2DC1DA}.Debug|Any CPU.Build.0 = Debug|Any CPU
		{CEF7E343-EA66-4144-A487-D14B1E2DC1DA}.Debug|x64.ActiveCfg = Debug|Any CPU
		{CEF7E343-EA66-4144-A487-D14B1E2DC1DA}.Debug|x64.Build.0 = Debug|Any CPU
		{CEF7E343-EA66-4144-A487-D14B1E2DC1DA}.Debug|x86.ActiveCfg = Debug|Any CPU
		{CEF7E343-EA66-4144-A487-D14B1E2DC1DA}.Debug|x86.Build.0 = Debug|Any CPU
		{CEF7E343-EA66-4144-A487-D14B1E2DC1DA}.Release|Any CPU.ActiveCfg = Release|Any CPU
		{CEF7E343-EA66-4144-A487-D14B1E2DC1DA}.Release|Any CPU.Build.0 = Release|Any CPU
		{CEF7E343-EA66-4144-A487-D14B1E2DC1DA}.Release|x64.ActiveCfg = Release|Any CPU
		{CEF7E343-EA66-4144-A487-D14B1E2DC1DA}.Release|x64.Build.0 = Release|Any CPU
		{CEF7E343-EA66-4144-A487-D14B1E2DC1DA}.Release|x86.ActiveCfg = Release|Any CPU
		{CEF7E343-EA66-4144-A487-D14B1E2DC1DA}.Release|x86.Build.0 = Release|Any CPU
		{ACD2C1D6-A10A-4C21-880C-1890DFB208D8}.Debug|Any CPU.ActiveCfg = Debug|Any CPU
		{ACD2C1D6-A10A-4C21-880C-1890DFB208D8}.Debug|Any CPU.Build.0 = Debug|Any CPU
		{ACD2C1D6-A10A-4C21-880C-1890DFB208D8}.Debug|x64.ActiveCfg = Debug|Any CPU
		{ACD2C1D6-A10A-4C21-880C-1890DFB208D8}.Debug|x64.Build.0 = Debug|Any CPU
		{ACD2C1D6-A10A-4C21-880C-1890DFB208D8}.Debug|x86.ActiveCfg = Debug|Any CPU
		{ACD2C1D6-A10A-4C21-880C-1890DFB208D8}.Debug|x86.Build.0 = Debug|Any CPU
		{ACD2C1D6-A10A-4C21-880C-1890DFB208D8}.Release|Any CPU.ActiveCfg = Release|Any CPU
		{ACD2C1D6-A10A-4C21-880C-1890DFB208D8}.Release|Any CPU.Build.0 = Release|Any CPU
		{ACD2C1D6-A10A-4C21-880C-1890DFB208D8}.Release|x64.ActiveCfg = Release|Any CPU
		{ACD2C1D6-A10A-4C21-880C-1890DFB208D8}.Release|x64.Build.0 = Release|Any CPU
		{ACD2C1D6-A10A-4C21-880C-1890DFB208D8}.Release|x86.ActiveCfg = Release|Any CPU
		{ACD2C1D6-A10A-4C21-880C-1890DFB208D8}.Release|x86.Build.0 = Release|Any CPU
		{FF2480C1-79EC-4AD1-922A-4B7BF88D9288}.Debug|Any CPU.ActiveCfg = Debug|Any CPU
		{FF2480C1-79EC-4AD1-922A-4B7BF88D9288}.Debug|Any CPU.Build.0 = Debug|Any CPU
		{FF2480C1-79EC-4AD1-922A-4B7BF88D9288}.Debug|x64.ActiveCfg = Debug|Any CPU
		{FF2480C1-79EC-4AD1-922A-4B7BF88D9288}.Debug|x64.Build.0 = Debug|Any CPU
		{FF2480C1-79EC-4AD1-922A-4B7BF88D9288}.Debug|x86.ActiveCfg = Debug|Any CPU
		{FF2480C1-79EC-4AD1-922A-4B7BF88D9288}.Debug|x86.Build.0 = Debug|Any CPU
		{FF2480C1-79EC-4AD1-922A-4B7BF88D9288}.Release|Any CPU.ActiveCfg = Release|Any CPU
		{FF2480C1-79EC-4AD1-922A-4B7BF88D9288}.Release|Any CPU.Build.0 = Release|Any CPU
		{FF2480C1-79EC-4AD1-922A-4B7BF88D9288}.Release|x64.ActiveCfg = Release|Any CPU
		{FF2480C1-79EC-4AD1-922A-4B7BF88D9288}.Release|x64.Build.0 = Release|Any CPU
		{FF2480C1-79EC-4AD1-922A-4B7BF88D9288}.Release|x86.ActiveCfg = Release|Any CPU
		{FF2480C1-79EC-4AD1-922A-4B7BF88D9288}.Release|x86.Build.0 = Release|Any CPU
		{F0E7789C-7F0E-4061-BC10-15548652EA4F}.Debug|Any CPU.ActiveCfg = Debug|Any CPU
		{F0E7789C-7F0E-4061-BC10-15548652EA4F}.Debug|Any CPU.Build.0 = Debug|Any CPU
		{F0E7789C-7F0E-4061-BC10-15548652EA4F}.Debug|x64.ActiveCfg = Debug|Any CPU
		{F0E7789C-7F0E-4061-BC10-15548652EA4F}.Debug|x64.Build.0 = Debug|Any CPU
		{F0E7789C-7F0E-4061-BC10-15548652EA4F}.Debug|x86.ActiveCfg = Debug|Any CPU
		{F0E7789C-7F0E-4061-BC10-15548652EA4F}.Debug|x86.Build.0 = Debug|Any CPU
		{F0E7789C-7F0E-4061-BC10-15548652EA4F}.Release|Any CPU.ActiveCfg = Release|Any CPU
		{F0E7789C-7F0E-4061-BC10-15548652EA4F}.Release|Any CPU.Build.0 = Release|Any CPU
		{F0E7789C-7F0E-4061-BC10-15548652EA4F}.Release|x64.ActiveCfg = Release|Any CPU
		{F0E7789C-7F0E-4061-BC10-15548652EA4F}.Release|x64.Build.0 = Release|Any CPU
		{F0E7789C-7F0E-4061-BC10-15548652EA4F}.Release|x86.ActiveCfg = Release|Any CPU
		{F0E7789C-7F0E-4061-BC10-15548652EA4F}.Release|x86.Build.0 = Release|Any CPU
		{77277A5B-6705-4E6A-8297-283DD41E967B}.Debug|Any CPU.ActiveCfg = Debug|Any CPU
		{77277A5B-6705-4E6A-8297-283DD41E967B}.Debug|Any CPU.Build.0 = Debug|Any CPU
		{77277A5B-6705-4E6A-8297-283DD41E967B}.Debug|x64.ActiveCfg = Debug|Any CPU
		{77277A5B-6705-4E6A-8297-283DD41E967B}.Debug|x64.Build.0 = Debug|Any CPU
		{77277A5B-6705-4E6A-8297-283DD41E967B}.Debug|x86.ActiveCfg = Debug|Any CPU
		{77277A5B-6705-4E6A-8297-283DD41E967B}.Debug|x86.Build.0 = Debug|Any CPU
		{77277A5B-6705-4E6A-8297-283DD41E967B}.Release|Any CPU.ActiveCfg = Release|Any CPU
		{77277A5B-6705-4E6A-8297-283DD41E967B}.Release|Any CPU.Build.0 = Release|Any CPU
		{77277A5B-6705-4E6A-8297-283DD41E967B}.Release|x64.ActiveCfg = Release|Any CPU
		{77277A5B-6705-4E6A-8297-283DD41E967B}.Release|x64.Build.0 = Release|Any CPU
		{77277A5B-6705-4E6A-8297-283DD41E967B}.Release|x86.ActiveCfg = Release|Any CPU
		{77277A5B-6705-4E6A-8297-283DD41E967B}.Release|x86.Build.0 = Release|Any CPU
		{D07F160C-2D95-4408-B86F-2FC440D9368C}.Debug|Any CPU.ActiveCfg = Debug|Any CPU
		{D07F160C-2D95-4408-B86F-2FC440D9368C}.Debug|Any CPU.Build.0 = Debug|Any CPU
		{D07F160C-2D95-4408-B86F-2FC440D9368C}.Debug|x64.ActiveCfg = Debug|Any CPU
		{D07F160C-2D95-4408-B86F-2FC440D9368C}.Debug|x64.Build.0 = Debug|Any CPU
		{D07F160C-2D95-4408-B86F-2FC440D9368C}.Debug|x86.ActiveCfg = Debug|Any CPU
		{D07F160C-2D95-4408-B86F-2FC440D9368C}.Debug|x86.Build.0 = Debug|Any CPU
		{D07F160C-2D95-4408-B86F-2FC440D9368C}.Release|Any CPU.ActiveCfg = Release|Any CPU
		{D07F160C-2D95-4408-B86F-2FC440D9368C}.Release|Any CPU.Build.0 = Release|Any CPU
		{D07F160C-2D95-4408-B86F-2FC440D9368C}.Release|x64.ActiveCfg = Release|Any CPU
		{D07F160C-2D95-4408-B86F-2FC440D9368C}.Release|x64.Build.0 = Release|Any CPU
		{D07F160C-2D95-4408-B86F-2FC440D9368C}.Release|x86.ActiveCfg = Release|Any CPU
		{D07F160C-2D95-4408-B86F-2FC440D9368C}.Release|x86.Build.0 = Release|Any CPU
		{7449C65F-2E49-4D5E-8C35-DA3696037A8B}.Debug|Any CPU.ActiveCfg = Debug|Any CPU
		{7449C65F-2E49-4D5E-8C35-DA3696037A8B}.Debug|Any CPU.Build.0 = Debug|Any CPU
		{7449C65F-2E49-4D5E-8C35-DA3696037A8B}.Debug|x64.ActiveCfg = Debug|Any CPU
		{7449C65F-2E49-4D5E-8C35-DA3696037A8B}.Debug|x64.Build.0 = Debug|Any CPU
		{7449C65F-2E49-4D5E-8C35-DA3696037A8B}.Debug|x86.ActiveCfg = Debug|Any CPU
		{7449C65F-2E49-4D5E-8C35-DA3696037A8B}.Debug|x86.Build.0 = Debug|Any CPU
		{7449C65F-2E49-4D5E-8C35-DA3696037A8B}.Release|Any CPU.ActiveCfg = Release|Any CPU
		{7449C65F-2E49-4D5E-8C35-DA3696037A8B}.Release|Any CPU.Build.0 = Release|Any CPU
		{7449C65F-2E49-4D5E-8C35-DA3696037A8B}.Release|x64.ActiveCfg = Release|Any CPU
		{7449C65F-2E49-4D5E-8C35-DA3696037A8B}.Release|x64.Build.0 = Release|Any CPU
		{7449C65F-2E49-4D5E-8C35-DA3696037A8B}.Release|x86.ActiveCfg = Release|Any CPU
		{7449C65F-2E49-4D5E-8C35-DA3696037A8B}.Release|x86.Build.0 = Release|Any CPU
	EndGlobalSection
	GlobalSection(SolutionProperties) = preSolution
		HideSolutionNode = FALSE
	EndGlobalSection
EndGlobal
